// !$*UTF8*$!
{
	archiveVersion = 1;
	classes = {
	};
	objectVersion = 46;
	objects = {

/* Begin PBXBuildFile section */
		DB55576919D27066000EB3A2 /* main.m in Sources */ = {isa = PBXBuildFile; fileRef = DB55576819D27066000EB3A2 /* main.m */; };
		DB55576C19D27066000EB3A2 /* AppDelegate.m in Sources */ = {isa = PBXBuildFile; fileRef = DB55576B19D27066000EB3A2 /* AppDelegate.m */; };
		DB55577219D27066000EB3A2 /* Main.storyboard in Resources */ = {isa = PBXBuildFile; fileRef = DB55577019D27066000EB3A2 /* Main.storyboard */; };
		DB55577419D27066000EB3A2 /* Images.xcassets in Resources */ = {isa = PBXBuildFile; fileRef = DB55577319D27066000EB3A2 /* Images.xcassets */; };
		DB55578319D27066000EB3A2 /* SixParkReaderTests.m in Sources */ = {isa = PBXBuildFile; fileRef = DB55578219D27066000EB3A2 /* SixParkReaderTests.m */; };
		DB55578E19D272E7000EB3A2 /* SPRService.m in Sources */ = {isa = PBXBuildFile; fileRef = DB55578D19D272E7000EB3A2 /* SPRService.m */; };
		DB5557B019D281E3000EB3A2 /* SPRHTTPService.m in Sources */ = {isa = PBXBuildFile; fileRef = DB5557AF19D281E3000EB3A2 /* SPRHTTPService.m */; };
		DB5557DA19D28A49000EB3A2 /* SPRArticleInfo.m in Sources */ = {isa = PBXBuildFile; fileRef = DB5557D919D28A49000EB3A2 /* SPRArticleInfo.m */; };
		DB5557EA19D28D73000EB3A2 /* libReactiveCocoa-iOS.a in Frameworks */ = {isa = PBXBuildFile; fileRef = DB55579D19D2737F000EB3A2 /* libReactiveCocoa-iOS.a */; };
		DB5557F219D31A06000EB3A2 /* TFHpple.m in Sources */ = {isa = PBXBuildFile; fileRef = DB5557ED19D31A06000EB3A2 /* TFHpple.m */; };
		DB5557F319D31A06000EB3A2 /* TFHppleElement.m in Sources */ = {isa = PBXBuildFile; fileRef = DB5557EF19D31A06000EB3A2 /* TFHppleElement.m */; };
		DB5557F419D31A06000EB3A2 /* XPathQuery.m in Sources */ = {isa = PBXBuildFile; fileRef = DB5557F119D31A06000EB3A2 /* XPathQuery.m */; };
		DB5557F619D31AAB000EB3A2 /* libxml2.2.dylib in Frameworks */ = {isa = PBXBuildFile; fileRef = DB5557F519D31AAB000EB3A2 /* libxml2.2.dylib */; };
		DB5557FC19D32548000EB3A2 /* SPRConstants.m in Sources */ = {isa = PBXBuildFile; fileRef = DB5557FB19D32548000EB3A2 /* SPRConstants.m */; };
		DB55580219D328F9000EB3A2 /* SPRArticlesTableViewController.m in Sources */ = {isa = PBXBuildFile; fileRef = DB55580119D328F9000EB3A2 /* SPRArticlesTableViewController.m */; };
		DB55580519D3291B000EB3A2 /* SPRArticlesModel.m in Sources */ = {isa = PBXBuildFile; fileRef = DB55580419D3291B000EB3A2 /* SPRArticlesModel.m */; };
		DB55580819D32A81000EB3A2 /* SPRArticleTableViewCell.m in Sources */ = {isa = PBXBuildFile; fileRef = DB55580719D32A81000EB3A2 /* SPRArticleTableViewCell.m */; };
		DB60AE5619D8DAB200731F03 /* SPRRefreshControl.m in Sources */ = {isa = PBXBuildFile; fileRef = DB60AE5519D8DAB200731F03 /* SPRRefreshControl.m */; };
		DB60AE6019D8EE7C00731F03 /* SPRArticle.m in Sources */ = {isa = PBXBuildFile; fileRef = DB60AE5F19D8EE7C00731F03 /* SPRArticle.m */; };
		DB60AE6319D90A4C00731F03 /* style.css in Resources */ = {isa = PBXBuildFile; fileRef = DB60AE6119D90A4C00731F03 /* style.css */; };
		DB60AE6719DAFD8300731F03 /* SPRHTMLElement.m in Sources */ = {isa = PBXBuildFile; fileRef = DB60AE6619DAFD8300731F03 /* SPRHTMLElement.m */; };
		DBF3087519D5BA46004DD0F2 /* UIFont+SPRAdditions.m in Sources */ = {isa = PBXBuildFile; fileRef = DBF3087419D5BA46004DD0F2 /* UIFont+SPRAdditions.m */; };
		DBF3087819D5D2FE004DD0F2 /* UIColor+SPRAdditions.m in Sources */ = {isa = PBXBuildFile; fileRef = DBF3087719D5D2FE004DD0F2 /* UIColor+SPRAdditions.m */; };
		DBF3087B19D5ED8F004DD0F2 /* SPRArticleWebViewController.m in Sources */ = {isa = PBXBuildFile; fileRef = DBF3087A19D5ED8F004DD0F2 /* SPRArticleWebViewController.m */; };
		DBF3087E19D5EF58004DD0F2 /* SPRArticleWebViewModel.m in Sources */ = {isa = PBXBuildFile; fileRef = DBF3087D19D5EF58004DD0F2 /* SPRArticleWebViewModel.m */; };
		DBFE877519D5285D0033102A /* SPRMasterViewController.m in Sources */ = {isa = PBXBuildFile; fileRef = DBFE877419D5285D0033102A /* SPRMasterViewController.m */; };
		DBFE877819D5297B0033102A /* SPRArticlesViewModel.m in Sources */ = {isa = PBXBuildFile; fileRef = DBFE877719D5297B0033102A /* SPRArticlesViewModel.m */; };
		DBFE877B19D52C620033102A /* SPRMasterViewModel.m in Sources */ = {isa = PBXBuildFile; fileRef = DBFE877A19D52C620033102A /* SPRMasterViewModel.m */; };
/* End PBXBuildFile section */

/* Begin PBXContainerItemProxy section */
		DB55577D19D27066000EB3A2 /* PBXContainerItemProxy */ = {
			isa = PBXContainerItemProxy;
			containerPortal = DB55575B19D27065000EB3A2 /* Project object */;
			proxyType = 1;
			remoteGlobalIDString = DB55576219D27066000EB3A2;
			remoteInfo = SixParkReader;
		};
		DB55579A19D2737F000EB3A2 /* PBXContainerItemProxy */ = {
			isa = PBXContainerItemProxy;
			containerPortal = DB55579019D2737E000EB3A2 /* ReactiveCocoa.xcodeproj */;
			proxyType = 2;
			remoteGlobalIDString = 88037F8315056328001A5B19;
			remoteInfo = ReactiveCocoa;
		};
		DB55579C19D2737F000EB3A2 /* PBXContainerItemProxy */ = {
			isa = PBXContainerItemProxy;
			containerPortal = DB55579019D2737E000EB3A2 /* ReactiveCocoa.xcodeproj */;
			proxyType = 2;
			remoteGlobalIDString = 88F440AB153DAC820097B4C3;
			remoteInfo = "ReactiveCocoa-iOS";
		};
		DB55579E19D2737F000EB3A2 /* PBXContainerItemProxy */ = {
			isa = PBXContainerItemProxy;
			containerPortal = DB55579019D2737E000EB3A2 /* ReactiveCocoa.xcodeproj */;
			proxyType = 2;
			remoteGlobalIDString = 88CDF7DC15000FCF00163A9F;
			remoteInfo = ReactiveCocoaTests;
		};
		DB5557A019D2737F000EB3A2 /* PBXContainerItemProxy */ = {
			isa = PBXContainerItemProxy;
			containerPortal = DB55579019D2737E000EB3A2 /* ReactiveCocoa.xcodeproj */;
			proxyType = 2;
			remoteGlobalIDString = 5FAF5223174D4C2000CAC810;
			remoteInfo = "ReactiveCocoaTests-iOS";
		};
		DB5557A219D2737F000EB3A2 /* PBXContainerItemProxy */ = {
			isa = PBXContainerItemProxy;
			containerPortal = DB55579019D2737E000EB3A2 /* ReactiveCocoa.xcodeproj */;
			proxyType = 2;
			remoteGlobalIDString = 1860F412177C91B500C7B3C9;
			remoteInfo = "ReactiveCocoa-iOS-UIKitTestHost";
		};
		DB5557A419D2737F000EB3A2 /* PBXContainerItemProxy */ = {
			isa = PBXContainerItemProxy;
			containerPortal = DB55579019D2737E000EB3A2 /* ReactiveCocoa.xcodeproj */;
			proxyType = 2;
			remoteGlobalIDString = 1860F430177C91B500C7B3C9;
			remoteInfo = "ReactiveCocoa-iOS-UIKitTestHostTests";
		};
		DB5557A619D2737F000EB3A2 /* PBXContainerItemProxy */ = {
			isa = PBXContainerItemProxy;
			containerPortal = DB55579019D2737E000EB3A2 /* ReactiveCocoa.xcodeproj */;
			proxyType = 2;
			remoteGlobalIDString = D05AD39417F2D56F0080895B;
			remoteInfo = "ReactiveCocoa-Mac";
		};
		DB5557A819D2738D000EB3A2 /* PBXContainerItemProxy */ = {
			isa = PBXContainerItemProxy;
			containerPortal = DB55579019D2737E000EB3A2 /* ReactiveCocoa.xcodeproj */;
			proxyType = 1;
			remoteGlobalIDString = 88F440AA153DAC820097B4C3;
			remoteInfo = "ReactiveCocoa-iOS";
		};
/* End PBXContainerItemProxy section */

/* Begin PBXFileReference section */
		DB55576319D27066000EB3A2 /* SixParkReader.app */ = {isa = PBXFileReference; explicitFileType = wrapper.application; includeInIndex = 0; path = SixParkReader.app; sourceTree = BUILT_PRODUCTS_DIR; };
		DB55576719D27066000EB3A2 /* Info.plist */ = {isa = PBXFileReference; lastKnownFileType = text.plist.xml; path = Info.plist; sourceTree = "<group>"; };
		DB55576819D27066000EB3A2 /* main.m */ = {isa = PBXFileReference; lastKnownFileType = sourcecode.c.objc; path = main.m; sourceTree = "<group>"; };
		DB55576A19D27066000EB3A2 /* AppDelegate.h */ = {isa = PBXFileReference; lastKnownFileType = sourcecode.c.h; path = AppDelegate.h; sourceTree = "<group>"; };
		DB55576B19D27066000EB3A2 /* AppDelegate.m */ = {isa = PBXFileReference; lastKnownFileType = sourcecode.c.objc; path = AppDelegate.m; sourceTree = "<group>"; };
		DB55577119D27066000EB3A2 /* Base */ = {isa = PBXFileReference; lastKnownFileType = file.storyboard; name = Base; path = Base.lproj/Main.storyboard; sourceTree = "<group>"; };
		DB55577319D27066000EB3A2 /* Images.xcassets */ = {isa = PBXFileReference; lastKnownFileType = folder.assetcatalog; path = Images.xcassets; sourceTree = "<group>"; };
		DB55577C19D27066000EB3A2 /* SixParkReaderTests.xctest */ = {isa = PBXFileReference; explicitFileType = wrapper.cfbundle; includeInIndex = 0; path = SixParkReaderTests.xctest; sourceTree = BUILT_PRODUCTS_DIR; };
		DB55578119D27066000EB3A2 /* Info.plist */ = {isa = PBXFileReference; lastKnownFileType = text.plist.xml; path = Info.plist; sourceTree = "<group>"; };
		DB55578219D27066000EB3A2 /* SixParkReaderTests.m */ = {isa = PBXFileReference; lastKnownFileType = sourcecode.c.objc; path = SixParkReaderTests.m; sourceTree = "<group>"; };
		DB55578C19D272E7000EB3A2 /* SPRService.h */ = {isa = PBXFileReference; fileEncoding = 4; lastKnownFileType = sourcecode.c.h; name = SPRService.h; path = Services/SPRService.h; sourceTree = "<group>"; };
		DB55578D19D272E7000EB3A2 /* SPRService.m */ = {isa = PBXFileReference; fileEncoding = 4; lastKnownFileType = sourcecode.c.objc; name = SPRService.m; path = Services/SPRService.m; sourceTree = "<group>"; };
		DB55579019D2737E000EB3A2 /* ReactiveCocoa.xcodeproj */ = {isa = PBXFileReference; lastKnownFileType = "wrapper.pb-project"; name = ReactiveCocoa.xcodeproj; path = ../ReactiveCocoa/ReactiveCocoaFramework/ReactiveCocoa.xcodeproj; sourceTree = "<group>"; };
		DB5557AE19D281E3000EB3A2 /* SPRHTTPService.h */ = {isa = PBXFileReference; fileEncoding = 4; lastKnownFileType = sourcecode.c.h; name = SPRHTTPService.h; path = Services/SPRHTTPService.h; sourceTree = "<group>"; };
		DB5557AF19D281E3000EB3A2 /* SPRHTTPService.m */ = {isa = PBXFileReference; fileEncoding = 4; lastKnownFileType = sourcecode.c.objc; name = SPRHTTPService.m; path = Services/SPRHTTPService.m; sourceTree = "<group>"; };
		DB5557B119D284A9000EB3A2 /* PrefixHeader.pch */ = {isa = PBXFileReference; fileEncoding = 4; lastKnownFileType = sourcecode.c.h; path = PrefixHeader.pch; sourceTree = "<group>"; };
		DB5557D819D28A49000EB3A2 /* SPRArticleInfo.h */ = {isa = PBXFileReference; fileEncoding = 4; lastKnownFileType = sourcecode.c.h; name = SPRArticleInfo.h; path = DataObjects/SPRArticleInfo.h; sourceTree = "<group>"; };
		DB5557D919D28A49000EB3A2 /* SPRArticleInfo.m */ = {isa = PBXFileReference; fileEncoding = 4; lastKnownFileType = sourcecode.c.objc; name = SPRArticleInfo.m; path = DataObjects/SPRArticleInfo.m; sourceTree = "<group>"; };
		DB5557EC19D31A06000EB3A2 /* TFHpple.h */ = {isa = PBXFileReference; fileEncoding = 4; lastKnownFileType = sourcecode.c.h; name = TFHpple.h; path = Hpple/TFHpple.h; sourceTree = "<group>"; };
		DB5557ED19D31A06000EB3A2 /* TFHpple.m */ = {isa = PBXFileReference; fileEncoding = 4; lastKnownFileType = sourcecode.c.objc; name = TFHpple.m; path = Hpple/TFHpple.m; sourceTree = "<group>"; };
		DB5557EE19D31A06000EB3A2 /* TFHppleElement.h */ = {isa = PBXFileReference; fileEncoding = 4; lastKnownFileType = sourcecode.c.h; name = TFHppleElement.h; path = Hpple/TFHppleElement.h; sourceTree = "<group>"; };
		DB5557EF19D31A06000EB3A2 /* TFHppleElement.m */ = {isa = PBXFileReference; fileEncoding = 4; lastKnownFileType = sourcecode.c.objc; name = TFHppleElement.m; path = Hpple/TFHppleElement.m; sourceTree = "<group>"; };
		DB5557F019D31A06000EB3A2 /* XPathQuery.h */ = {isa = PBXFileReference; fileEncoding = 4; lastKnownFileType = sourcecode.c.h; name = XPathQuery.h; path = Hpple/XPathQuery.h; sourceTree = "<group>"; };
		DB5557F119D31A06000EB3A2 /* XPathQuery.m */ = {isa = PBXFileReference; fileEncoding = 4; lastKnownFileType = sourcecode.c.objc; name = XPathQuery.m; path = Hpple/XPathQuery.m; sourceTree = "<group>"; };
		DB5557F519D31AAB000EB3A2 /* libxml2.2.dylib */ = {isa = PBXFileReference; lastKnownFileType = "compiled.mach-o.dylib"; name = libxml2.2.dylib; path = usr/lib/libxml2.2.dylib; sourceTree = SDKROOT; };
		DB5557FA19D32548000EB3A2 /* SPRConstants.h */ = {isa = PBXFileReference; fileEncoding = 4; lastKnownFileType = sourcecode.c.h; path = SPRConstants.h; sourceTree = "<group>"; };
		DB5557FB19D32548000EB3A2 /* SPRConstants.m */ = {isa = PBXFileReference; fileEncoding = 4; lastKnownFileType = sourcecode.c.objc; path = SPRConstants.m; sourceTree = "<group>"; };
		DB55580019D328F9000EB3A2 /* SPRArticlesTableViewController.h */ = {isa = PBXFileReference; fileEncoding = 4; lastKnownFileType = sourcecode.c.h; name = SPRArticlesTableViewController.h; path = Views/SPRArticlesTableViewController.h; sourceTree = "<group>"; };
		DB55580119D328F9000EB3A2 /* SPRArticlesTableViewController.m */ = {isa = PBXFileReference; fileEncoding = 4; lastKnownFileType = sourcecode.c.objc; name = SPRArticlesTableViewController.m; path = Views/SPRArticlesTableViewController.m; sourceTree = "<group>"; };
		DB55580319D3291B000EB3A2 /* SPRArticlesModel.h */ = {isa = PBXFileReference; fileEncoding = 4; lastKnownFileType = sourcecode.c.h; name = SPRArticlesModel.h; path = UIModels/SPRArticlesModel.h; sourceTree = "<group>"; };
		DB55580419D3291B000EB3A2 /* SPRArticlesModel.m */ = {isa = PBXFileReference; fileEncoding = 4; lastKnownFileType = sourcecode.c.objc; name = SPRArticlesModel.m; path = UIModels/SPRArticlesModel.m; sourceTree = "<group>"; };
		DB55580619D32A81000EB3A2 /* SPRArticleTableViewCell.h */ = {isa = PBXFileReference; fileEncoding = 4; lastKnownFileType = sourcecode.c.h; name = SPRArticleTableViewCell.h; path = Views/SPRArticleTableViewCell.h; sourceTree = "<group>"; };
		DB55580719D32A81000EB3A2 /* SPRArticleTableViewCell.m */ = {isa = PBXFileReference; fileEncoding = 4; lastKnownFileType = sourcecode.c.objc; name = SPRArticleTableViewCell.m; path = Views/SPRArticleTableViewCell.m; sourceTree = "<group>"; };
		DB60AE5419D8DAB200731F03 /* SPRRefreshControl.h */ = {isa = PBXFileReference; fileEncoding = 4; lastKnownFileType = sourcecode.c.h; name = SPRRefreshControl.h; path = CustomControls/SPRRefreshControl.h; sourceTree = "<group>"; };
		DB60AE5519D8DAB200731F03 /* SPRRefreshControl.m */ = {isa = PBXFileReference; fileEncoding = 4; lastKnownFileType = sourcecode.c.objc; name = SPRRefreshControl.m; path = CustomControls/SPRRefreshControl.m; sourceTree = "<group>"; };
		DB60AE5E19D8EE7C00731F03 /* SPRArticle.h */ = {isa = PBXFileReference; fileEncoding = 4; lastKnownFileType = sourcecode.c.h; name = SPRArticle.h; path = DataObjects/SPRArticle.h; sourceTree = "<group>"; };
		DB60AE5F19D8EE7C00731F03 /* SPRArticle.m */ = {isa = PBXFileReference; fileEncoding = 4; lastKnownFileType = sourcecode.c.objc; name = SPRArticle.m; path = DataObjects/SPRArticle.m; sourceTree = "<group>"; };
		DB60AE6119D90A4C00731F03 /* style.css */ = {isa = PBXFileReference; fileEncoding = 4; lastKnownFileType = text.css; path = style.css; sourceTree = "<group>"; };
		DB60AE6519DAFD8300731F03 /* SPRHTMLElement.h */ = {isa = PBXFileReference; fileEncoding = 4; lastKnownFileType = sourcecode.c.h; name = SPRHTMLElement.h; path = DataObjects/SPRHTMLElement.h; sourceTree = "<group>"; };
		DB60AE6619DAFD8300731F03 /* SPRHTMLElement.m */ = {isa = PBXFileReference; fileEncoding = 4; lastKnownFileType = sourcecode.c.objc; name = SPRHTMLElement.m; path = DataObjects/SPRHTMLElement.m; sourceTree = "<group>"; };
		DBF3087319D5BA46004DD0F2 /* UIFont+SPRAdditions.h */ = {isa = PBXFileReference; fileEncoding = 4; lastKnownFileType = sourcecode.c.h; name = "UIFont+SPRAdditions.h"; path = "Categories/UIFont+SPRAdditions.h"; sourceTree = "<group>"; };
		DBF3087419D5BA46004DD0F2 /* UIFont+SPRAdditions.m */ = {isa = PBXFileReference; fileEncoding = 4; lastKnownFileType = sourcecode.c.objc; name = "UIFont+SPRAdditions.m"; path = "Categories/UIFont+SPRAdditions.m"; sourceTree = "<group>"; };
		DBF3087619D5D2FE004DD0F2 /* UIColor+SPRAdditions.h */ = {isa = PBXFileReference; fileEncoding = 4; lastKnownFileType = sourcecode.c.h; name = "UIColor+SPRAdditions.h"; path = "Categories/UIColor+SPRAdditions.h"; sourceTree = "<group>"; };
		DBF3087719D5D2FE004DD0F2 /* UIColor+SPRAdditions.m */ = {isa = PBXFileReference; fileEncoding = 4; lastKnownFileType = sourcecode.c.objc; name = "UIColor+SPRAdditions.m"; path = "Categories/UIColor+SPRAdditions.m"; sourceTree = "<group>"; };
		DBF3087919D5ED8F004DD0F2 /* SPRArticleWebViewController.h */ = {isa = PBXFileReference; fileEncoding = 4; lastKnownFileType = sourcecode.c.h; name = SPRArticleWebViewController.h; path = Views/SPRArticleWebViewController.h; sourceTree = "<group>"; };
		DBF3087A19D5ED8F004DD0F2 /* SPRArticleWebViewController.m */ = {isa = PBXFileReference; fileEncoding = 4; lastKnownFileType = sourcecode.c.objc; name = SPRArticleWebViewController.m; path = Views/SPRArticleWebViewController.m; sourceTree = "<group>"; };
		DBF3087C19D5EF58004DD0F2 /* SPRArticleWebViewModel.h */ = {isa = PBXFileReference; fileEncoding = 4; lastKnownFileType = sourcecode.c.h; name = SPRArticleWebViewModel.h; path = ViewModels/SPRArticleWebViewModel.h; sourceTree = "<group>"; };
		DBF3087D19D5EF58004DD0F2 /* SPRArticleWebViewModel.m */ = {isa = PBXFileReference; fileEncoding = 4; lastKnownFileType = sourcecode.c.objc; name = SPRArticleWebViewModel.m; path = ViewModels/SPRArticleWebViewModel.m; sourceTree = "<group>"; };
		DBFE877319D5285D0033102A /* SPRMasterViewController.h */ = {isa = PBXFileReference; fileEncoding = 4; lastKnownFileType = sourcecode.c.h; name = SPRMasterViewController.h; path = Views/SPRMasterViewController.h; sourceTree = "<group>"; };
		DBFE877419D5285D0033102A /* SPRMasterViewController.m */ = {isa = PBXFileReference; fileEncoding = 4; lastKnownFileType = sourcecode.c.objc; name = SPRMasterViewController.m; path = Views/SPRMasterViewController.m; sourceTree = "<group>"; };
		DBFE877619D5297B0033102A /* SPRArticlesViewModel.h */ = {isa = PBXFileReference; fileEncoding = 4; lastKnownFileType = sourcecode.c.h; name = SPRArticlesViewModel.h; path = ViewModels/SPRArticlesViewModel.h; sourceTree = "<group>"; };
		DBFE877719D5297B0033102A /* SPRArticlesViewModel.m */ = {isa = PBXFileReference; fileEncoding = 4; lastKnownFileType = sourcecode.c.objc; name = SPRArticlesViewModel.m; path = ViewModels/SPRArticlesViewModel.m; sourceTree = "<group>"; };
		DBFE877919D52C620033102A /* SPRMasterViewModel.h */ = {isa = PBXFileReference; fileEncoding = 4; lastKnownFileType = sourcecode.c.h; name = SPRMasterViewModel.h; path = ViewModels/SPRMasterViewModel.h; sourceTree = "<group>"; };
		DBFE877A19D52C620033102A /* SPRMasterViewModel.m */ = {isa = PBXFileReference; fileEncoding = 4; lastKnownFileType = sourcecode.c.objc; name = SPRMasterViewModel.m; path = ViewModels/SPRMasterViewModel.m; sourceTree = "<group>"; };
/* End PBXFileReference section */

/* Begin PBXFrameworksBuildPhase section */
		DB55576019D27066000EB3A2 /* Frameworks */ = {
			isa = PBXFrameworksBuildPhase;
			buildActionMask = 2147483647;
			files = (
				DB5557F619D31AAB000EB3A2 /* libxml2.2.dylib in Frameworks */,
				DB5557EA19D28D73000EB3A2 /* libReactiveCocoa-iOS.a in Frameworks */,
			);
			runOnlyForDeploymentPostprocessing = 0;
		};
		DB55577919D27066000EB3A2 /* Frameworks */ = {
			isa = PBXFrameworksBuildPhase;
			buildActionMask = 2147483647;
			files = (
			);
			runOnlyForDeploymentPostprocessing = 0;
		};
/* End PBXFrameworksBuildPhase section */

/* Begin PBXGroup section */
		DB55575A19D27065000EB3A2 = {
			isa = PBXGroup;
			children = (
				DB55576519D27066000EB3A2 /* SixParkReader */,
				DB5557F919D321D3000EB3A2 /* Frameworks */,
				DB55577F19D27066000EB3A2 /* SixParkReaderTests */,
				DB55576419D27066000EB3A2 /* Products */,
				DB55579019D2737E000EB3A2 /* ReactiveCocoa.xcodeproj */,
			);
			sourceTree = "<group>";
		};
		DB55576419D27066000EB3A2 /* Products */ = {
			isa = PBXGroup;
			children = (
				DB55576319D27066000EB3A2 /* SixParkReader.app */,
				DB55577C19D27066000EB3A2 /* SixParkReaderTests.xctest */,
			);
			name = Products;
			sourceTree = "<group>";
		};
		DB55576519D27066000EB3A2 /* SixParkReader */ = {
			isa = PBXGroup;
			children = (
				DB55576A19D27066000EB3A2 /* AppDelegate.h */,
				DB55576B19D27066000EB3A2 /* AppDelegate.m */,
				DBF3086C19D5B9AA004DD0F2 /* Categories */,
				DB60AE5219D8DA8500731F03 /* CustomControls */,
				DB5557D719D28A31000EB3A2 /* DataObjects */,
				DB5557EB19D319F5000EB3A2 /* Hpple */,
				DB55577319D27066000EB3A2 /* Images.xcassets */,
				DB55577019D27066000EB3A2 /* Main.storyboard */,
				DB55578F19D272EA000EB3A2 /* Services */,
				DB5557FA19D32548000EB3A2 /* SPRConstants.h */,
				DB5557FB19D32548000EB3A2 /* SPRConstants.m */,
				DB55576619D27066000EB3A2 /* Supporting Files */,
				DB5557FF19D32869000EB3A2 /* UIModels */,
				DB5557FE19D32861000EB3A2 /* ViewModels */,
				DB5557FD19D3285D000EB3A2 /* Views */,
			);
			path = SixParkReader;
			sourceTree = "<group>";
		};
		DB55576619D27066000EB3A2 /* Supporting Files */ = {
			isa = PBXGroup;
			children = (
				DB55576719D27066000EB3A2 /* Info.plist */,
				DB55576819D27066000EB3A2 /* main.m */,
				DB5557B119D284A9000EB3A2 /* PrefixHeader.pch */,
				DB60AE6119D90A4C00731F03 /* style.css */,
			);
			name = "Supporting Files";
			sourceTree = "<group>";
		};
		DB55577F19D27066000EB3A2 /* SixParkReaderTests */ = {
			isa = PBXGroup;
			children = (
				DB55578219D27066000EB3A2 /* SixParkReaderTests.m */,
				DB55578019D27066000EB3A2 /* Supporting Files */,
			);
			path = SixParkReaderTests;
			sourceTree = "<group>";
		};
		DB55578019D27066000EB3A2 /* Supporting Files */ = {
			isa = PBXGroup;
			children = (
				DB55578119D27066000EB3A2 /* Info.plist */,
			);
			name = "Supporting Files";
			sourceTree = "<group>";
		};
		DB55578F19D272EA000EB3A2 /* Services */ = {
			isa = PBXGroup;
			children = (
				DB55578C19D272E7000EB3A2 /* SPRService.h */,
				DB55578D19D272E7000EB3A2 /* SPRService.m */,
				DB5557AE19D281E3000EB3A2 /* SPRHTTPService.h */,
				DB5557AF19D281E3000EB3A2 /* SPRHTTPService.m */,
			);
			name = Services;
			sourceTree = "<group>";
		};
		DB55579119D2737E000EB3A2 /* Products */ = {
			isa = PBXGroup;
			children = (
				DB55579B19D2737F000EB3A2 /* ReactiveCocoa.framework */,
				DB55579D19D2737F000EB3A2 /* libReactiveCocoa-iOS.a */,
				DB55579F19D2737F000EB3A2 /* ReactiveCocoaTests.xctest */,
				DB5557A119D2737F000EB3A2 /* ReactiveCocoaTests-iOS.xctest */,
				DB5557A319D2737F000EB3A2 /* ReactiveCocoa-iOS-UIKitTestHost.app */,
				DB5557A519D2737F000EB3A2 /* ReactiveCocoa-iOS-UIKitTestHostTests.octest */,
				DB5557A719D2737F000EB3A2 /* libReactiveCocoa-Mac.a */,
			);
			name = Products;
			sourceTree = "<group>";
		};
		DB5557D719D28A31000EB3A2 /* DataObjects */ = {
			isa = PBXGroup;
			children = (
				DB60AE5E19D8EE7C00731F03 /* SPRArticle.h */,
				DB60AE5F19D8EE7C00731F03 /* SPRArticle.m */,
				DB5557D819D28A49000EB3A2 /* SPRArticleInfo.h */,
				DB5557D919D28A49000EB3A2 /* SPRArticleInfo.m */,
				DB60AE6519DAFD8300731F03 /* SPRHTMLElement.h */,
				DB60AE6619DAFD8300731F03 /* SPRHTMLElement.m */,
			);
			name = DataObjects;
			sourceTree = "<group>";
		};
		DB5557EB19D319F5000EB3A2 /* Hpple */ = {
			isa = PBXGroup;
			children = (
				DB5557EC19D31A06000EB3A2 /* TFHpple.h */,
				DB5557ED19D31A06000EB3A2 /* TFHpple.m */,
				DB5557EE19D31A06000EB3A2 /* TFHppleElement.h */,
				DB5557EF19D31A06000EB3A2 /* TFHppleElement.m */,
				DB5557F019D31A06000EB3A2 /* XPathQuery.h */,
				DB5557F119D31A06000EB3A2 /* XPathQuery.m */,
			);
			name = Hpple;
			sourceTree = "<group>";
		};
		DB5557F919D321D3000EB3A2 /* Frameworks */ = {
			isa = PBXGroup;
			children = (
				DB5557F519D31AAB000EB3A2 /* libxml2.2.dylib */,
			);
			name = Frameworks;
			path = SixParkReader;
			sourceTree = "<group>";
		};
		DB5557FD19D3285D000EB3A2 /* Views */ = {
			isa = PBXGroup;
			children = (
				DBFE877C19D52F1C0033102A /* Cells */,
				DB55580019D328F9000EB3A2 /* SPRArticlesTableViewController.h */,
				DB55580119D328F9000EB3A2 /* SPRArticlesTableViewController.m */,
				DBF3087919D5ED8F004DD0F2 /* SPRArticleWebViewController.h */,
				DBF3087A19D5ED8F004DD0F2 /* SPRArticleWebViewController.m */,
				DBFE877319D5285D0033102A /* SPRMasterViewController.h */,
				DBFE877419D5285D0033102A /* SPRMasterViewController.m */,
			);
			name = Views;
			sourceTree = "<group>";
		};
		DB5557FE19D32861000EB3A2 /* ViewModels */ = {
			isa = PBXGroup;
			children = (
				DBFE877619D5297B0033102A /* SPRArticlesViewModel.h */,
				DBFE877719D5297B0033102A /* SPRArticlesViewModel.m */,
				DBFE877919D52C620033102A /* SPRMasterViewModel.h */,
				DBFE877A19D52C620033102A /* SPRMasterViewModel.m */,
				DBF3087C19D5EF58004DD0F2 /* SPRArticleWebViewModel.h */,
				DBF3087D19D5EF58004DD0F2 /* SPRArticleWebViewModel.m */,
			);
			name = ViewModels;
			sourceTree = "<group>";
		};
		DB5557FF19D32869000EB3A2 /* UIModels */ = {
			isa = PBXGroup;
			children = (
				DB55580319D3291B000EB3A2 /* SPRArticlesModel.h */,
				DB55580419D3291B000EB3A2 /* SPRArticlesModel.m */,
			);
			name = UIModels;
			sourceTree = "<group>";
		};
		DB60AE5219D8DA8500731F03 /* CustomControls */ = {
			isa = PBXGroup;
			children = (
				DB60AE5419D8DAB200731F03 /* SPRRefreshControl.h */,
				DB60AE5519D8DAB200731F03 /* SPRRefreshControl.m */,
			);
			name = CustomControls;
			sourceTree = "<group>";
		};
		DBF3086C19D5B9AA004DD0F2 /* Categories */ = {
			isa = PBXGroup;
			children = (
				DBF3087319D5BA46004DD0F2 /* UIFont+SPRAdditions.h */,
				DBF3087419D5BA46004DD0F2 /* UIFont+SPRAdditions.m */,
				DBF3087619D5D2FE004DD0F2 /* UIColor+SPRAdditions.h */,
				DBF3087719D5D2FE004DD0F2 /* UIColor+SPRAdditions.m */,
			);
			name = Categories;
			sourceTree = "<group>";
		};
		DBFE877C19D52F1C0033102A /* Cells */ = {
			isa = PBXGroup;
			children = (
				DB55580619D32A81000EB3A2 /* SPRArticleTableViewCell.h */,
				DB55580719D32A81000EB3A2 /* SPRArticleTableViewCell.m */,
			);
			name = Cells;
			sourceTree = "<group>";
		};
/* End PBXGroup section */

/* Begin PBXNativeTarget section */
		DB55576219D27066000EB3A2 /* SixParkReader */ = {
			isa = PBXNativeTarget;
			buildConfigurationList = DB55578619D27066000EB3A2 /* Build configuration list for PBXNativeTarget "SixParkReader" */;
			buildPhases = (
				DB55575F19D27066000EB3A2 /* Sources */,
				DB55576019D27066000EB3A2 /* Frameworks */,
				DB55576119D27066000EB3A2 /* Resources */,
			);
			buildRules = (
			);
			dependencies = (
				DB5557A919D2738D000EB3A2 /* PBXTargetDependency */,
			);
			name = SixParkReader;
			productName = SixParkReader;
			productReference = DB55576319D27066000EB3A2 /* SixParkReader.app */;
			productType = "com.apple.product-type.application";
		};
		DB55577B19D27066000EB3A2 /* SixParkReaderTests */ = {
			isa = PBXNativeTarget;
			buildConfigurationList = DB55578919D27066000EB3A2 /* Build configuration list for PBXNativeTarget "SixParkReaderTests" */;
			buildPhases = (
				DB55577819D27066000EB3A2 /* Sources */,
				DB55577919D27066000EB3A2 /* Frameworks */,
				DB55577A19D27066000EB3A2 /* Resources */,
			);
			buildRules = (
			);
			dependencies = (
				DB55577E19D27066000EB3A2 /* PBXTargetDependency */,
			);
			name = SixParkReaderTests;
			productName = SixParkReaderTests;
			productReference = DB55577C19D27066000EB3A2 /* SixParkReaderTests.xctest */;
			productType = "com.apple.product-type.bundle.unit-test";
		};
/* End PBXNativeTarget section */

/* Begin PBXProject section */
		DB55575B19D27065000EB3A2 /* Project object */ = {
			isa = PBXProject;
			attributes = {
				LastUpgradeCheck = 0600;
				ORGANIZATIONNAME = "Wyatt Lam";
				TargetAttributes = {
					DB55576219D27066000EB3A2 = {
						CreatedOnToolsVersion = 6.0.1;
					};
					DB55577B19D27066000EB3A2 = {
						CreatedOnToolsVersion = 6.0.1;
						TestTargetID = DB55576219D27066000EB3A2;
					};
				};
			};
			buildConfigurationList = DB55575E19D27065000EB3A2 /* Build configuration list for PBXProject "SixParkReader" */;
			compatibilityVersion = "Xcode 3.2";
			developmentRegion = English;
			hasScannedForEncodings = 0;
			knownRegions = (
				en,
				Base,
			);
			mainGroup = DB55575A19D27065000EB3A2;
			productRefGroup = DB55576419D27066000EB3A2 /* Products */;
			projectDirPath = "";
			projectReferences = (
				{
					ProductGroup = DB55579119D2737E000EB3A2 /* Products */;
					ProjectRef = DB55579019D2737E000EB3A2 /* ReactiveCocoa.xcodeproj */;
				},
			);
			projectRoot = "";
			targets = (
				DB55576219D27066000EB3A2 /* SixParkReader */,
				DB55577B19D27066000EB3A2 /* SixParkReaderTests */,
			);
		};
/* End PBXProject section */

/* Begin PBXReferenceProxy section */
		DB55579B19D2737F000EB3A2 /* ReactiveCocoa.framework */ = {
			isa = PBXReferenceProxy;
			fileType = wrapper.framework;
			path = ReactiveCocoa.framework;
			remoteRef = DB55579A19D2737F000EB3A2 /* PBXContainerItemProxy */;
			sourceTree = BUILT_PRODUCTS_DIR;
		};
		DB55579D19D2737F000EB3A2 /* libReactiveCocoa-iOS.a */ = {
			isa = PBXReferenceProxy;
			fileType = archive.ar;
			path = "libReactiveCocoa-iOS.a";
			remoteRef = DB55579C19D2737F000EB3A2 /* PBXContainerItemProxy */;
			sourceTree = BUILT_PRODUCTS_DIR;
		};
		DB55579F19D2737F000EB3A2 /* ReactiveCocoaTests.xctest */ = {
			isa = PBXReferenceProxy;
			fileType = wrapper.cfbundle;
			path = ReactiveCocoaTests.xctest;
			remoteRef = DB55579E19D2737F000EB3A2 /* PBXContainerItemProxy */;
			sourceTree = BUILT_PRODUCTS_DIR;
		};
		DB5557A119D2737F000EB3A2 /* ReactiveCocoaTests-iOS.xctest */ = {
			isa = PBXReferenceProxy;
			fileType = wrapper.cfbundle;
			path = "ReactiveCocoaTests-iOS.xctest";
			remoteRef = DB5557A019D2737F000EB3A2 /* PBXContainerItemProxy */;
			sourceTree = BUILT_PRODUCTS_DIR;
		};
		DB5557A319D2737F000EB3A2 /* ReactiveCocoa-iOS-UIKitTestHost.app */ = {
			isa = PBXReferenceProxy;
			fileType = wrapper.application;
			path = "ReactiveCocoa-iOS-UIKitTestHost.app";
			remoteRef = DB5557A219D2737F000EB3A2 /* PBXContainerItemProxy */;
			sourceTree = BUILT_PRODUCTS_DIR;
		};
		DB5557A519D2737F000EB3A2 /* ReactiveCocoa-iOS-UIKitTestHostTests.octest */ = {
			isa = PBXReferenceProxy;
			fileType = wrapper.cfbundle;
			path = "ReactiveCocoa-iOS-UIKitTestHostTests.octest";
			remoteRef = DB5557A419D2737F000EB3A2 /* PBXContainerItemProxy */;
			sourceTree = BUILT_PRODUCTS_DIR;
		};
		DB5557A719D2737F000EB3A2 /* libReactiveCocoa-Mac.a */ = {
			isa = PBXReferenceProxy;
			fileType = archive.ar;
			path = "libReactiveCocoa-Mac.a";
			remoteRef = DB5557A619D2737F000EB3A2 /* PBXContainerItemProxy */;
			sourceTree = BUILT_PRODUCTS_DIR;
		};
/* End PBXReferenceProxy section */

/* Begin PBXResourcesBuildPhase section */
		DB55576119D27066000EB3A2 /* Resources */ = {
			isa = PBXResourcesBuildPhase;
			buildActionMask = 2147483647;
			files = (
				DB55577219D27066000EB3A2 /* Main.storyboard in Resources */,
				DB60AE6319D90A4C00731F03 /* style.css in Resources */,
				DB55577419D27066000EB3A2 /* Images.xcassets in Resources */,
			);
			runOnlyForDeploymentPostprocessing = 0;
		};
		DB55577A19D27066000EB3A2 /* Resources */ = {
			isa = PBXResourcesBuildPhase;
			buildActionMask = 2147483647;
			files = (
			);
			runOnlyForDeploymentPostprocessing = 0;
		};
/* End PBXResourcesBuildPhase section */

/* Begin PBXSourcesBuildPhase section */
		DB55575F19D27066000EB3A2 /* Sources */ = {
			isa = PBXSourcesBuildPhase;
			buildActionMask = 2147483647;
			files = (
				DB5557FC19D32548000EB3A2 /* SPRConstants.m in Sources */,
				DBF3087E19D5EF58004DD0F2 /* SPRArticleWebViewModel.m in Sources */,
				DB55580519D3291B000EB3A2 /* SPRArticlesModel.m in Sources */,
				DB55580819D32A81000EB3A2 /* SPRArticleTableViewCell.m in Sources */,
				DBFE877519D5285D0033102A /* SPRMasterViewController.m in Sources */,
				DBF3087519D5BA46004DD0F2 /* UIFont+SPRAdditions.m in Sources */,
				DB5557B019D281E3000EB3A2 /* SPRHTTPService.m in Sources */,
				DB5557F419D31A06000EB3A2 /* XPathQuery.m in Sources */,
				DB5557F319D31A06000EB3A2 /* TFHppleElement.m in Sources */,
				DBF3087B19D5ED8F004DD0F2 /* SPRArticleWebViewController.m in Sources */,
				DB5557F219D31A06000EB3A2 /* TFHpple.m in Sources */,
				DBF3087819D5D2FE004DD0F2 /* UIColor+SPRAdditions.m in Sources */,
				DB55578E19D272E7000EB3A2 /* SPRService.m in Sources */,
				DB60AE6719DAFD8300731F03 /* SPRHTMLElement.m in Sources */,
				DB60AE6019D8EE7C00731F03 /* SPRArticle.m in Sources */,
				DB55576C19D27066000EB3A2 /* AppDelegate.m in Sources */,
				DB5557DA19D28A49000EB3A2 /* SPRArticleInfo.m in Sources */,
				DBFE877819D5297B0033102A /* SPRArticlesViewModel.m in Sources */,
				DBFE877B19D52C620033102A /* SPRMasterViewModel.m in Sources */,
				DB55580219D328F9000EB3A2 /* SPRArticlesTableViewController.m in Sources */,
				DB55576919D27066000EB3A2 /* main.m in Sources */,
				DB60AE5619D8DAB200731F03 /* SPRRefreshControl.m in Sources */,
			);
			runOnlyForDeploymentPostprocessing = 0;
		};
		DB55577819D27066000EB3A2 /* Sources */ = {
			isa = PBXSourcesBuildPhase;
			buildActionMask = 2147483647;
			files = (
				DB55578319D27066000EB3A2 /* SixParkReaderTests.m in Sources */,
			);
			runOnlyForDeploymentPostprocessing = 0;
		};
/* End PBXSourcesBuildPhase section */

/* Begin PBXTargetDependency section */
		DB55577E19D27066000EB3A2 /* PBXTargetDependency */ = {
			isa = PBXTargetDependency;
			target = DB55576219D27066000EB3A2 /* SixParkReader */;
			targetProxy = DB55577D19D27066000EB3A2 /* PBXContainerItemProxy */;
		};
		DB5557A919D2738D000EB3A2 /* PBXTargetDependency */ = {
			isa = PBXTargetDependency;
			name = "ReactiveCocoa-iOS";
			targetProxy = DB5557A819D2738D000EB3A2 /* PBXContainerItemProxy */;
		};
/* End PBXTargetDependency section */

/* Begin PBXVariantGroup section */
		DB55577019D27066000EB3A2 /* Main.storyboard */ = {
			isa = PBXVariantGroup;
			children = (
				DB55577119D27066000EB3A2 /* Base */,
			);
			name = Main.storyboard;
			sourceTree = "<group>";
		};
/* End PBXVariantGroup section */

/* Begin XCBuildConfiguration section */
		DB55578419D27066000EB3A2 /* Debug */ = {
			isa = XCBuildConfiguration;
			buildSettings = {
				ALWAYS_SEARCH_USER_PATHS = NO;
				CLANG_CXX_LANGUAGE_STANDARD = "gnu++0x";
				CLANG_CXX_LIBRARY = "libc++";
				CLANG_ENABLE_MODULES = YES;
				CLANG_ENABLE_OBJC_ARC = YES;
				CLANG_WARN_BOOL_CONVERSION = YES;
				CLANG_WARN_CONSTANT_CONVERSION = YES;
				CLANG_WARN_DIRECT_OBJC_ISA_USAGE = YES_ERROR;
				CLANG_WARN_EMPTY_BODY = YES;
				CLANG_WARN_ENUM_CONVERSION = YES;
				CLANG_WARN_INT_CONVERSION = YES;
				CLANG_WARN_OBJC_ROOT_CLASS = YES_ERROR;
				CLANG_WARN_UNREACHABLE_CODE = YES;
				CLANG_WARN__DUPLICATE_METHOD_MATCH = YES;
				"CODE_SIGN_IDENTITY[sdk=iphoneos*]" = "iPhone Developer";
				COPY_PHASE_STRIP = NO;
				ENABLE_STRICT_OBJC_MSGSEND = YES;
				GCC_C_LANGUAGE_STANDARD = gnu99;
				GCC_DYNAMIC_NO_PIC = NO;
				GCC_OPTIMIZATION_LEVEL = 0;
				GCC_PREPROCESSOR_DEFINITIONS = (
					"DEBUG=1",
					"$(inherited)",
				);
				GCC_SYMBOLS_PRIVATE_EXTERN = NO;
				GCC_WARN_64_TO_32_BIT_CONVERSION = YES;
				GCC_WARN_ABOUT_RETURN_TYPE = YES_ERROR;
				GCC_WARN_UNDECLARED_SELECTOR = YES;
				GCC_WARN_UNINITIALIZED_AUTOS = YES_AGGRESSIVE;
				GCC_WARN_UNUSED_FUNCTION = YES;
				GCC_WARN_UNUSED_VARIABLE = YES;
				IPHONEOS_DEPLOYMENT_TARGET = 8.0;
				MTL_ENABLE_DEBUG_INFO = YES;
				ONLY_ACTIVE_ARCH = NO;
				OTHER_LDFLAGS = "-ObjC";
				SDKROOT = iphoneos;
				TARGETED_DEVICE_FAMILY = 2;
				VALID_ARCHS = "arm64 armv7 armv7s";
			};
			name = Debug;
		};
		DB55578519D27066000EB3A2 /* Release */ = {
			isa = XCBuildConfiguration;
			buildSettings = {
				ALWAYS_SEARCH_USER_PATHS = NO;
				CLANG_CXX_LANGUAGE_STANDARD = "gnu++0x";
				CLANG_CXX_LIBRARY = "libc++";
				CLANG_ENABLE_MODULES = YES;
				CLANG_ENABLE_OBJC_ARC = YES;
				CLANG_WARN_BOOL_CONVERSION = YES;
				CLANG_WARN_CONSTANT_CONVERSION = YES;
				CLANG_WARN_DIRECT_OBJC_ISA_USAGE = YES_ERROR;
				CLANG_WARN_EMPTY_BODY = YES;
				CLANG_WARN_ENUM_CONVERSION = YES;
				CLANG_WARN_INT_CONVERSION = YES;
				CLANG_WARN_OBJC_ROOT_CLASS = YES_ERROR;
				CLANG_WARN_UNREACHABLE_CODE = YES;
				CLANG_WARN__DUPLICATE_METHOD_MATCH = YES;
				"CODE_SIGN_IDENTITY[sdk=iphoneos*]" = "iPhone Developer";
				COPY_PHASE_STRIP = YES;
				ENABLE_NS_ASSERTIONS = NO;
				ENABLE_STRICT_OBJC_MSGSEND = YES;
				GCC_C_LANGUAGE_STANDARD = gnu99;
				GCC_WARN_64_TO_32_BIT_CONVERSION = YES;
				GCC_WARN_ABOUT_RETURN_TYPE = YES_ERROR;
				GCC_WARN_UNDECLARED_SELECTOR = YES;
				GCC_WARN_UNINITIALIZED_AUTOS = YES_AGGRESSIVE;
				GCC_WARN_UNUSED_FUNCTION = YES;
				GCC_WARN_UNUSED_VARIABLE = YES;
				IPHONEOS_DEPLOYMENT_TARGET = 8.0;
				MTL_ENABLE_DEBUG_INFO = NO;
				ONLY_ACTIVE_ARCH = NO;
				OTHER_LDFLAGS = "-ObjC";
				SDKROOT = iphoneos;
				TARGETED_DEVICE_FAMILY = 2;
				VALIDATE_PRODUCT = YES;
				VALID_ARCHS = "arm64 armv7 armv7s";
			};
			name = Release;
		};
		DB55578719D27066000EB3A2 /* Debug */ = {
			isa = XCBuildConfiguration;
			buildSettings = {
				ASSETCATALOG_COMPILER_APPICON_NAME = AppIcon;
				GCC_PRECOMPILE_PREFIX_HEADER = YES;
				GCC_PREFIX_HEADER = SixParkReader/PrefixHeader.pch;
				HEADER_SEARCH_PATHS = (
					"$(inherited)",
					/Applications/Xcode.app/Contents/Developer/Toolchains/XcodeDefault.xctoolchain/usr/include,
					"$SOURCE_ROOT/include/**",
					"$(SDKROOT)/usr/include/libxml2",
				);
				INFOPLIST_FILE = SixParkReader/Info.plist;
				LD_RUNPATH_SEARCH_PATHS = "$(inherited) @executable_path/Frameworks";
				PRODUCT_NAME = "$(TARGET_NAME)";
			};
			name = Debug;
		};
		DB55578819D27066000EB3A2 /* Release */ = {
			isa = XCBuildConfiguration;
			buildSettings = {
				ASSETCATALOG_COMPILER_APPICON_NAME = AppIcon;
				GCC_PRECOMPILE_PREFIX_HEADER = YES;
				GCC_PREFIX_HEADER = SixParkReader/PrefixHeader.pch;
				HEADER_SEARCH_PATHS = (
					"$(inherited)",
					/Applications/Xcode.app/Contents/Developer/Toolchains/XcodeDefault.xctoolchain/usr/include,
					"$SOURCE_ROOT/include/**",
					"$(SDKROOT)/usr/include/libxml2",
				);
				INFOPLIST_FILE = SixParkReader/Info.plist;
				LD_RUNPATH_SEARCH_PATHS = "$(inherited) @executable_path/Frameworks";
				PRODUCT_NAME = "$(TARGET_NAME)";
			};
			name = Release;
		};
		DB55578A19D27066000EB3A2 /* Debug */ = {
			isa = XCBuildConfiguration;
			buildSettings = {
				BUNDLE_LOADER = "$(TEST_HOST)";
				FRAMEWORK_SEARCH_PATHS = (
					"$(SDKROOT)/Developer/Library/Frameworks",
					"$(inherited)",
				);
				GCC_PREPROCESSOR_DEFINITIONS = (
					"DEBUG=1",
					"$(inherited)",
				);
				INFOPLIST_FILE = SixParkReaderTests/Info.plist;
				LD_RUNPATH_SEARCH_PATHS = "$(inherited) @executable_path/Frameworks @loader_path/Frameworks";
				PRODUCT_NAME = "$(TARGET_NAME)";
				TEST_HOST = "$(BUILT_PRODUCTS_DIR)/SixParkReader.app/SixParkReader";
			};
			name = Debug;
		};
		DB55578B19D27066000EB3A2 /* Release */ = {
			isa = XCBuildConfiguration;
			buildSettings = {
				BUNDLE_LOADER = "$(TEST_HOST)";
				FRAMEWORK_SEARCH_PATHS = (
					"$(SDKROOT)/Developer/Library/Frameworks",
					"$(inherited)",
				);
				INFOPLIST_FILE = SixParkReaderTests/Info.plist;
				LD_RUNPATH_SEARCH_PATHS = "$(inherited) @executable_path/Frameworks @loader_path/Frameworks";
				PRODUCT_NAME = "$(TARGET_NAME)";
				TEST_HOST = "$(BUILT_PRODUCTS_DIR)/SixParkReader.app/SixParkReader";
			};
			name = Release;
		};
/* End XCBuildConfiguration section */

/* Begin XCConfigurationList section */
		DB55575E19D27065000EB3A2 /* Build configuration list for PBXProject "SixParkReader" */ = {
			isa = XCConfigurationList;
			buildConfigurations = (
				DB55578419D27066000EB3A2 /* Debug */,
				DB55578519D27066000EB3A2 /* Release */,
			);
			defaultConfigurationIsVisible = 0;
			defaultConfigurationName = Release;
		};
		DB55578619D27066000EB3A2 /* Build configuration list for PBXNativeTarget "SixParkReader" */ = {
			isa = XCConfigurationList;
			buildConfigurations = (
				DB55578719D27066000EB3A2 /* Debug */,
				DB55578819D27066000EB3A2 /* Release */,
			);
			defaultConfigurationIsVisible = 0;
			defaultConfigurationName = Release;
		};
		DB55578919D27066000EB3A2 /* Build configuration list for PBXNativeTarget "SixParkReaderTests" */ = {
			isa = XCConfigurationList;
			buildConfigurations = (
				DB55578A19D27066000EB3A2 /* Debug */,
				DB55578B19D27066000EB3A2 /* Release */,
			);
			defaultConfigurationIsVisible = 0;
			defaultConfigurationName = Release;
		};
/* End XCConfigurationList section */
	};
	rootObject = DB55575B19D27065000EB3A2 /* Project object */;
}
